<?xml version="1.0" encoding="utf-8"?>
<Project ToolsVersion="4.0" xmlns="http://schemas.microsoft.com/developer/msbuild/2003">
  <ItemGroup>
    <Filter Include="Source files">
      <UniqueIdentifier>{93eb02c5-dec1-417d-8f2f-ae992159ed47}</UniqueIdentifier>
      <Extensions>cpp;c;cc;cxx;def;odl;idl;hpj;bat;asm;asmx</Extensions>
    </Filter>
    <Filter Include="Header files">
      <UniqueIdentifier>{40e7c1d1-0543-4bf1-8a49-4e97cedb630c}</UniqueIdentifier>
      <Extensions>h;hpp;hxx;hm;inl;inc;xsd</Extensions>
    </Filter>
    <Filter Include="Resource files">
      <UniqueIdentifier>{9d8fbbf2-b5c0-4a03-849d-5c535367df48}</UniqueIdentifier>
      <Extensions>rc;ico;cur;bmp;dlg;rc2;rct;bin;rgs;gif;jpg;jpeg;jpe;resx;tiff;tif;png;wav</Extensions>
    </Filter>
    <Filter Include="Source files\API">
      <UniqueIdentifier>{9611c8e6-e32f-44a9-bf6d-d71073d9f8bd}</UniqueIdentifier>
    </Filter>
    <Filter Include="Header files\API">
      <UniqueIdentifier>{64af22cf-9c15-40a8-b7e4-73edfa588d17}</UniqueIdentifier>
    </Filter>
    <Filter Include="Source files\Audio">
      <UniqueIdentifier>{98f8a4c6-19ad-485e-80d0-a5010e94db51}</UniqueIdentifier>
    </Filter>
    <Filter Include="Header files\Audio">
      <UniqueIdentifier>{d51710d4-6c54-4b66-8310-f2d5ffe14807}</UniqueIdentifier>
    </Filter>
    <Filter Include="Header files\CMSIS">
      <UniqueIdentifier>{f931ce8b-083e-4985-b175-6842df4bead8}</UniqueIdentifier>
    </Filter>
    <Filter Include="Header files\CMSIS\Device">
      <UniqueIdentifier>{13065723-ad12-445f-86dd-da82f70ddb68}</UniqueIdentifier>
    </Filter>
    <Filter Include="Header files\CMSIS\Device\ST">
      <UniqueIdentifier>{95cfe870-5383-443a-ba75-341b845b8241}</UniqueIdentifier>
    </Filter>
    <Filter Include="Header files\CMSIS\Device\ST\STM32F4xx">
      <UniqueIdentifier>{329276f7-8d5d-45f6-b999-b43a17b7b004}</UniqueIdentifier>
    </Filter>
    <Filter Include="Header files\CMSIS\Device\ST\STM32F4xx\Include">
      <UniqueIdentifier>{04a2d105-dca0-44da-b5dc-5ab8c551c5da}</UniqueIdentifier>
    </Filter>
    <Filter Include="Source files\CMSIS">
      <UniqueIdentifier>{efabe855-11a1-4782-a215-9320f0c8c86e}</UniqueIdentifier>
    </Filter>
    <Filter Include="Source files\CMSIS\Device">
      <UniqueIdentifier>{74e7e68c-da5b-4c8c-90fb-9736f696e885}</UniqueIdentifier>
    </Filter>
    <Filter Include="Source files\CMSIS\Device\ST">
      <UniqueIdentifier>{e8970a13-2531-4050-abce-9736f320269d}</UniqueIdentifier>
    </Filter>
    <Filter Include="Source files\CMSIS\Device\ST\STM32F4xx">
      <UniqueIdentifier>{f920cf33-6b34-4ecb-94ed-e7263587d1bb}</UniqueIdentifier>
    </Filter>
    <Filter Include="Source files\CMSIS\Device\ST\STM32F4xx\Source">
      <UniqueIdentifier>{212ff869-774f-499e-ba21-2a86e6253003}</UniqueIdentifier>
    </Filter>
    <Filter Include="Header files\CMSIS\Include">
      <UniqueIdentifier>{ca7ed0fa-1127-4818-8b3f-6a9ee9bedb41}</UniqueIdentifier>
    </Filter>
    <Filter Include="Source files\Config">
      <UniqueIdentifier>{e12a996c-2dcc-4ba7-96c2-5bb28b67b776}</UniqueIdentifier>
    </Filter>
    <Filter Include="Header files\Config">
      <UniqueIdentifier>{9f6a3d22-4f76-4fbb-8a5a-91a286d8e008}</UniqueIdentifier>
    </Filter>
    <Filter Include="Header files\STM32F4xx_HAL_Driver">
      <UniqueIdentifier>{d1444ae5-abc6-4cef-9af3-43b9c56f3bb9}</UniqueIdentifier>
    </Filter>
    <Filter Include="Header files\STM32F4xx_HAL_Driver\Inc">
      <UniqueIdentifier>{7a2d5e29-a368-4f00-ab68-dc67d4e96183}</UniqueIdentifier>
    </Filter>
    <Filter Include="Header files\STM32F4xx_HAL_Driver\Inc\Legacy">
      <UniqueIdentifier>{e07c2182-0361-4d02-a2fe-2a6ed0568166}</UniqueIdentifier>
    </Filter>
    <Filter Include="Source files\STM32F4xx_HAL_Driver">
      <UniqueIdentifier>{907c2266-b2be-47fa-8a09-94cbb1511bc5}</UniqueIdentifier>
    </Filter>
    <Filter Include="Source files\STM32F4xx_HAL_Driver\Src">
      <UniqueIdentifier>{28b1333c-1120-4619-8dbd-68bd607c4a02}</UniqueIdentifier>
    </Filter>
    <Filter Include="Source files\USBD">
      <UniqueIdentifier>{decb4730-d7f2-45fc-a95d-e57fb611240f}</UniqueIdentifier>
    </Filter>
    <Filter Include="Header files\USBD">
      <UniqueIdentifier>{6485bb1d-c14b-431e-bd2f-36ed0f0262d3}</UniqueIdentifier>
    </Filter>
    <Filter Include="Make files">
      <UniqueIdentifier>{48610b68-1b76-4f91-8324-1f2b7939e3d2}</UniqueIdentifier>
      <Extensions>*.mak</Extensions>
    </Filter>
    <Filter Include="Source files\Device-specific files">
      <UniqueIdentifier>{ad922f70-7ace-4df0-b4ac-379d7881ee13}</UniqueIdentifier>
    </Filter>
    <Filter Include="Header files\Device-specific files">
      <UniqueIdentifier>{74bafd9a-1abf-4e44-8d52-c7afb064440b}</UniqueIdentifier>
    </Filter>
    <Filter Include="Source files\STM32_USB_Device_Library">
      <UniqueIdentifier>{0be3622a-075e-44e7-803e-c68b74cdf92c}</UniqueIdentifier>
    </Filter>
    <Filter Include="Header files\STM32_USB_Device_Library">
      <UniqueIdentifier>{3016b44e-9b4c-4c55-984c-750ce8cfa94a}</UniqueIdentifier>
    </Filter>
    <Filter Include="Source files\STM32_USB_Device_Library\Class">
      <UniqueIdentifier>{fd47ce8f-9fa3-4014-91c0-c2d4d9f18de5}</UniqueIdentifier>
    </Filter>
    <Filter Include="Header files\STM32_USB_Device_Library\Class">
      <UniqueIdentifier>{452ce032-5352-4c79-bafe-c04fb78964dd}</UniqueIdentifier>
    </Filter>
    <Filter Include="Source files\STM32_USB_Device_Library\Class\CDC">
      <UniqueIdentifier>{52c7196e-d668-4261-a187-5bf3dd0407dd}</UniqueIdentifier>
    </Filter>
    <Filter Include="Header files\STM32_USB_Device_Library\Class\CDC">
      <UniqueIdentifier>{475d0be6-4a13-4640-a518-a6702df53507}</UniqueIdentifier>
    </Filter>
    <Filter Include="Source files\STM32_USB_Device_Library\Class\CDC\Inc">
      <UniqueIdentifier>{7f867d60-54ac-41d4-8af6-7777cdb4f2b2}</UniqueIdentifier>
    </Filter>
    <Filter Include="Header files\STM32_USB_Device_Library\Class\CDC\Inc">
      <UniqueIdentifier>{6b255219-3c8b-4a10-b271-57b22d2d70cf}</UniqueIdentifier>
    </Filter>
    <Filter Include="Source files\STM32_USB_Device_Library\Class\CDC\Src">
      <UniqueIdentifier>{772fb1d1-6a9a-4bea-a432-de826ca866c5}</UniqueIdentifier>
    </Filter>
    <Filter Include="Header files\STM32_USB_Device_Library\Class\CDC\Src">
      <UniqueIdentifier>{40b740b2-9d27-46e2-9cb0-50950d80d77a}</UniqueIdentifier>
    </Filter>
    <Filter Include="Source files\STM32_USB_Device_Library\Core">
      <UniqueIdentifier>{b4534581-49df-48fa-895e-ca7bfc86ca5e}</UniqueIdentifier>
    </Filter>
    <Filter Include="Header files\STM32_USB_Device_Library\Core">
      <UniqueIdentifier>{16a5da74-230e-404f-8df8-a78227c0115a}</UniqueIdentifier>
    </Filter>
    <Filter Include="Source files\STM32_USB_Device_Library\Core\Inc">
      <UniqueIdentifier>{0b692cc2-4c5c-47bb-987f-a9487a594c30}</UniqueIdentifier>
    </Filter>
    <Filter Include="Header files\STM32_USB_Device_Library\Core\Inc">
      <UniqueIdentifier>{d2fde76d-367a-4f7a-99ad-9b9f3b8e612d}</UniqueIdentifier>
    </Filter>
    <Filter Include="Source files\STM32_USB_Device_Library\Core\Src">
      <UniqueIdentifier>{0e35bb3b-51fa-4052-a514-c6498de49bb2}</UniqueIdentifier>
    </Filter>
    <Filter Include="Header files\STM32_USB_Device_Library\Core\Src">
      <UniqueIdentifier>{4ef1b394-1083-4714-b164-4f2a87ea786b}</UniqueIdentifier>
    </Filter>
    <Filter Include="Source files\STM32F4-Discovery">
      <UniqueIdentifier>{3f0fe34d-3c4f-43a9-a5db-26c6482005ca}</UniqueIdentifier>
    </Filter>
    <Filter Include="Header files\STM32F4-Discovery">
      <UniqueIdentifier>{959e76aa-bb0f-4b42-8876-d7495f23205d}</UniqueIdentifier>
    </Filter>
  </ItemGroup>
  <ItemGroup>
    <ClCompile Include="API\movement.c">
      <Filter>Source files\API</Filter>
    </ClCompile>
    <ClCompile Include="Audio\codec.c">
      <Filter>Source files\Audio</Filter>
    </ClCompile>
    <ClCompile Include="CMSIS\Device\ST\STM32F4xx\Source\system_stm32f4xx.c">
      <Filter>Source files\CMSIS\Device\ST\STM32F4xx\Source</Filter>
    </ClCompile>
    <ClCompile Include="Config\config_gpio.c">
      <Filter>Source files\Config</Filter>
    </ClCompile>
    <ClCompile Include="Config\config_i2c.c">
      <Filter>Source files\Config</Filter>
    </ClCompile>
    <ClCompile Include="Config\config_i2s.c">
      <Filter>Source files\Config</Filter>
    </ClCompile>
    <ClCompile Include="Config\config_system.c">
      <Filter>Source files\Config</Filter>
    </ClCompile>
    <ClCompile Include="Config\config_timer.c">
      <Filter>Source files\Config</Filter>
    </ClCompile>
    <ClCompile Include="Config\config_usb.c">
      <Filter>Source files\Config</Filter>
    </ClCompile>
    <ClCompile Include="STM32F4xx_HAL_Driver\Src\stm32f4xx_hal.c">
      <Filter>Source files\STM32F4xx_HAL_Driver\Src</Filter>
    </ClCompile>
    <ClCompile Include="STM32F4xx_HAL_Driver\Src\stm32f4xx_hal_adc.c">
      <Filter>Source files\STM32F4xx_HAL_Driver\Src</Filter>
    </ClCompile>
    <ClCompile Include="STM32F4xx_HAL_Driver\Src\stm32f4xx_hal_adc_ex.c">
      <Filter>Source files\STM32F4xx_HAL_Driver\Src</Filter>
    </ClCompile>
    <ClCompile Include="STM32F4xx_HAL_Driver\Src\stm32f4xx_hal_can.c">
      <Filter>Source files\STM32F4xx_HAL_Driver\Src</Filter>
    </ClCompile>
    <ClCompile Include="STM32F4xx_HAL_Driver\Src\stm32f4xx_hal_cec.c">
      <Filter>Source files\STM32F4xx_HAL_Driver\Src</Filter>
    </ClCompile>
    <ClCompile Include="STM32F4xx_HAL_Driver\Src\stm32f4xx_hal_cortex.c">
      <Filter>Source files\STM32F4xx_HAL_Driver\Src</Filter>
    </ClCompile>
    <ClCompile Include="STM32F4xx_HAL_Driver\Src\stm32f4xx_hal_crc.c">
      <Filter>Source files\STM32F4xx_HAL_Driver\Src</Filter>
    </ClCompile>
    <ClCompile Include="STM32F4xx_HAL_Driver\Src\stm32f4xx_hal_cryp.c">
      <Filter>Source files\STM32F4xx_HAL_Driver\Src</Filter>
    </ClCompile>
    <ClCompile Include="STM32F4xx_HAL_Driver\Src\stm32f4xx_hal_cryp_ex.c">
      <Filter>Source files\STM32F4xx_HAL_Driver\Src</Filter>
    </ClCompile>
    <ClCompile Include="STM32F4xx_HAL_Driver\Src\stm32f4xx_hal_dac.c">
      <Filter>Source files\STM32F4xx_HAL_Driver\Src</Filter>
    </ClCompile>
    <ClCompile Include="STM32F4xx_HAL_Driver\Src\stm32f4xx_hal_dac_ex.c">
      <Filter>Source files\STM32F4xx_HAL_Driver\Src</Filter>
    </ClCompile>
    <ClCompile Include="STM32F4xx_HAL_Driver\Src\stm32f4xx_hal_dcmi.c">
      <Filter>Source files\STM32F4xx_HAL_Driver\Src</Filter>
    </ClCompile>
    <ClCompile Include="STM32F4xx_HAL_Driver\Src\stm32f4xx_hal_dcmi_ex.c">
      <Filter>Source files\STM32F4xx_HAL_Driver\Src</Filter>
    </ClCompile>
    <ClCompile Include="STM32F4xx_HAL_Driver\Src\stm32f4xx_hal_dma.c">
      <Filter>Source files\STM32F4xx_HAL_Driver\Src</Filter>
    </ClCompile>
    <ClCompile Include="STM32F4xx_HAL_Driver\Src\stm32f4xx_hal_dma2d.c">
      <Filter>Source files\STM32F4xx_HAL_Driver\Src</Filter>
    </ClCompile>
    <ClCompile Include="STM32F4xx_HAL_Driver\Src\stm32f4xx_hal_dma_ex.c">
      <Filter>Source files\STM32F4xx_HAL_Driver\Src</Filter>
    </ClCompile>
    <ClCompile Include="STM32F4xx_HAL_Driver\Src\stm32f4xx_hal_dsi.c">
      <Filter>Source files\STM32F4xx_HAL_Driver\Src</Filter>
    </ClCompile>
    <ClCompile Include="STM32F4xx_HAL_Driver\Src\stm32f4xx_hal_eth.c">
      <Filter>Source files\STM32F4xx_HAL_Driver\Src</Filter>
    </ClCompile>
    <ClCompile Include="STM32F4xx_HAL_Driver\Src\stm32f4xx_hal_flash.c">
      <Filter>Source files\STM32F4xx_HAL_Driver\Src</Filter>
    </ClCompile>
    <ClCompile Include="STM32F4xx_HAL_Driver\Src\stm32f4xx_hal_flash_ex.c">
      <Filter>Source files\STM32F4xx_HAL_Driver\Src</Filter>
    </ClCompile>
    <ClCompile Include="STM32F4xx_HAL_Driver\Src\stm32f4xx_hal_flash_ramfunc.c">
      <Filter>Source files\STM32F4xx_HAL_Driver\Src</Filter>
    </ClCompile>
    <ClCompile Include="STM32F4xx_HAL_Driver\Src\stm32f4xx_hal_fmpi2c.c">
      <Filter>Source files\STM32F4xx_HAL_Driver\Src</Filter>
    </ClCompile>
    <ClCompile Include="STM32F4xx_HAL_Driver\Src\stm32f4xx_hal_fmpi2c_ex.c">
      <Filter>Source files\STM32F4xx_HAL_Driver\Src</Filter>
    </ClCompile>
    <ClCompile Include="STM32F4xx_HAL_Driver\Src\stm32f4xx_hal_gpio.c">
      <Filter>Source files\STM32F4xx_HAL_Driver\Src</Filter>
    </ClCompile>
    <ClCompile Include="STM32F4xx_HAL_Driver\Src\stm32f4xx_hal_hash.c">
      <Filter>Source files\STM32F4xx_HAL_Driver\Src</Filter>
    </ClCompile>
    <ClCompile Include="STM32F4xx_HAL_Driver\Src\stm32f4xx_hal_hash_ex.c">
      <Filter>Source files\STM32F4xx_HAL_Driver\Src</Filter>
    </ClCompile>
    <ClCompile Include="STM32F4xx_HAL_Driver\Src\stm32f4xx_hal_hcd.c">
      <Filter>Source files\STM32F4xx_HAL_Driver\Src</Filter>
    </ClCompile>
    <ClCompile Include="STM32F4xx_HAL_Driver\Src\stm32f4xx_hal_i2c.c">
      <Filter>Source files\STM32F4xx_HAL_Driver\Src</Filter>
    </ClCompile>
    <ClCompile Include="STM32F4xx_HAL_Driver\Src\stm32f4xx_hal_i2c_ex.c">
      <Filter>Source files\STM32F4xx_HAL_Driver\Src</Filter>
    </ClCompile>
    <ClCompile Include="STM32F4xx_HAL_Driver\Src\stm32f4xx_hal_i2s.c">
      <Filter>Source files\STM32F4xx_HAL_Driver\Src</Filter>
    </ClCompile>
    <ClCompile Include="STM32F4xx_HAL_Driver\Src\stm32f4xx_hal_i2s_ex.c">
      <Filter>Source files\STM32F4xx_HAL_Driver\Src</Filter>
    </ClCompile>
    <ClCompile Include="STM32F4xx_HAL_Driver\Src\stm32f4xx_hal_irda.c">
      <Filter>Source files\STM32F4xx_HAL_Driver\Src</Filter>
    </ClCompile>
    <ClCompile Include="STM32F4xx_HAL_Driver\Src\stm32f4xx_hal_iwdg.c">
      <Filter>Source files\STM32F4xx_HAL_Driver\Src</Filter>
    </ClCompile>
    <ClCompile Include="STM32F4xx_HAL_Driver\Src\stm32f4xx_hal_lptim.c">
      <Filter>Source files\STM32F4xx_HAL_Driver\Src</Filter>
    </ClCompile>
    <ClCompile Include="STM32F4xx_HAL_Driver\Src\stm32f4xx_hal_ltdc.c">
      <Filter>Source files\STM32F4xx_HAL_Driver\Src</Filter>
    </ClCompile>
    <ClCompile Include="STM32F4xx_HAL_Driver\Src\stm32f4xx_hal_ltdc_ex.c">
      <Filter>Source files\STM32F4xx_HAL_Driver\Src</Filter>
    </ClCompile>
    <ClCompile Include="STM32F4xx_HAL_Driver\Src\stm32f4xx_hal_nand.c">
      <Filter>Source files\STM32F4xx_HAL_Driver\Src</Filter>
    </ClCompile>
    <ClCompile Include="STM32F4xx_HAL_Driver\Src\stm32f4xx_hal_nor.c">
      <Filter>Source files\STM32F4xx_HAL_Driver\Src</Filter>
    </ClCompile>
    <ClCompile Include="STM32F4xx_HAL_Driver\Src\stm32f4xx_hal_pccard.c">
      <Filter>Source files\STM32F4xx_HAL_Driver\Src</Filter>
    </ClCompile>
    <ClCompile Include="STM32F4xx_HAL_Driver\Src\stm32f4xx_hal_pcd.c">
      <Filter>Source files\STM32F4xx_HAL_Driver\Src</Filter>
    </ClCompile>
    <ClCompile Include="STM32F4xx_HAL_Driver\Src\stm32f4xx_hal_pcd_ex.c">
      <Filter>Source files\STM32F4xx_HAL_Driver\Src</Filter>
    </ClCompile>
    <ClCompile Include="STM32F4xx_HAL_Driver\Src\stm32f4xx_hal_pwr.c">
      <Filter>Source files\STM32F4xx_HAL_Driver\Src</Filter>
    </ClCompile>
    <ClCompile Include="STM32F4xx_HAL_Driver\Src\stm32f4xx_hal_pwr_ex.c">
      <Filter>Source files\STM32F4xx_HAL_Driver\Src</Filter>
    </ClCompile>
    <ClCompile Include="STM32F4xx_HAL_Driver\Src\stm32f4xx_hal_qspi.c">
      <Filter>Source files\STM32F4xx_HAL_Driver\Src</Filter>
    </ClCompile>
    <ClCompile Include="STM32F4xx_HAL_Driver\Src\stm32f4xx_hal_rcc.c">
      <Filter>Source files\STM32F4xx_HAL_Driver\Src</Filter>
    </ClCompile>
    <ClCompile Include="STM32F4xx_HAL_Driver\Src\stm32f4xx_hal_rcc_ex.c">
      <Filter>Source files\STM32F4xx_HAL_Driver\Src</Filter>
    </ClCompile>
    <ClCompile Include="STM32F4xx_HAL_Driver\Src\stm32f4xx_hal_rng.c">
      <Filter>Source files\STM32F4xx_HAL_Driver\Src</Filter>
    </ClCompile>
    <ClCompile Include="STM32F4xx_HAL_Driver\Src\stm32f4xx_hal_rtc.c">
      <Filter>Source files\STM32F4xx_HAL_Driver\Src</Filter>
    </ClCompile>
    <ClCompile Include="STM32F4xx_HAL_Driver\Src\stm32f4xx_hal_rtc_ex.c">
      <Filter>Source files\STM32F4xx_HAL_Driver\Src</Filter>
    </ClCompile>
    <ClCompile Include="STM32F4xx_HAL_Driver\Src\stm32f4xx_hal_sai.c">
      <Filter>Source files\STM32F4xx_HAL_Driver\Src</Filter>
    </ClCompile>
    <ClCompile Include="STM32F4xx_HAL_Driver\Src\stm32f4xx_hal_sai_ex.c">
      <Filter>Source files\STM32F4xx_HAL_Driver\Src</Filter>
    </ClCompile>
    <ClCompile Include="STM32F4xx_HAL_Driver\Src\stm32f4xx_hal_sd.c">
      <Filter>Source files\STM32F4xx_HAL_Driver\Src</Filter>
    </ClCompile>
    <ClCompile Include="STM32F4xx_HAL_Driver\Src\stm32f4xx_hal_sdram.c">
      <Filter>Source files\STM32F4xx_HAL_Driver\Src</Filter>
    </ClCompile>
    <ClCompile Include="STM32F4xx_HAL_Driver\Src\stm32f4xx_hal_smartcard.c">
      <Filter>Source files\STM32F4xx_HAL_Driver\Src</Filter>
    </ClCompile>
    <ClCompile Include="STM32F4xx_HAL_Driver\Src\stm32f4xx_hal_spdifrx.c">
      <Filter>Source files\STM32F4xx_HAL_Driver\Src</Filter>
    </ClCompile>
    <ClCompile Include="STM32F4xx_HAL_Driver\Src\stm32f4xx_hal_spi.c">
      <Filter>Source files\STM32F4xx_HAL_Driver\Src</Filter>
    </ClCompile>
    <ClCompile Include="STM32F4xx_HAL_Driver\Src\stm32f4xx_hal_sram.c">
      <Filter>Source files\STM32F4xx_HAL_Driver\Src</Filter>
    </ClCompile>
    <ClCompile Include="STM32F4xx_HAL_Driver\Src\stm32f4xx_hal_tim.c">
      <Filter>Source files\STM32F4xx_HAL_Driver\Src</Filter>
    </ClCompile>
    <ClCompile Include="STM32F4xx_HAL_Driver\Src\stm32f4xx_hal_tim_ex.c">
      <Filter>Source files\STM32F4xx_HAL_Driver\Src</Filter>
    </ClCompile>
    <ClCompile Include="STM32F4xx_HAL_Driver\Src\stm32f4xx_hal_uart.c">
      <Filter>Source files\STM32F4xx_HAL_Driver\Src</Filter>
    </ClCompile>
    <ClCompile Include="STM32F4xx_HAL_Driver\Src\stm32f4xx_hal_usart.c">
      <Filter>Source files\STM32F4xx_HAL_Driver\Src</Filter>
    </ClCompile>
    <ClCompile Include="STM32F4xx_HAL_Driver\Src\stm32f4xx_hal_wwdg.c">
      <Filter>Source files\STM32F4xx_HAL_Driver\Src</Filter>
    </ClCompile>
    <ClCompile Include="STM32F4xx_HAL_Driver\Src\stm32f4xx_ll_fmc.c">
      <Filter>Source files\STM32F4xx_HAL_Driver\Src</Filter>
    </ClCompile>
    <ClCompile Include="STM32F4xx_HAL_Driver\Src\stm32f4xx_ll_fsmc.c">
      <Filter>Source files\STM32F4xx_HAL_Driver\Src</Filter>
    </ClCompile>
    <ClCompile Include="STM32F4xx_HAL_Driver\Src\stm32f4xx_ll_sdmmc.c">
      <Filter>Source files\STM32F4xx_HAL_Driver\Src</Filter>
    </ClCompile>
    <ClCompile Include="STM32F4xx_HAL_Driver\Src\stm32f4xx_ll_usb.c">
      <Filter>Source files\STM32F4xx_HAL_Driver\Src</Filter>
    </ClCompile>
    <ClCompile Include="USBD\usbd_cdc_if.c">
      <Filter>Source files\USBD</Filter>
    </ClCompile>
    <ClCompile Include="USBD\usbd_conf.c">
      <Filter>Source files\USBD</Filter>
    </ClCompile>
    <ClCompile Include="USBD\usbd_desc.c">
      <Filter>Source files\USBD</Filter>
    </ClCompile>
    <ClCompile Include="HomeRobot.c">
      <Filter>Source files</Filter>
    </ClCompile>
    <ClCompile Include="STM32_USB_Device_Library\Class\CDC\Src\usbd_cdc.c">
      <Filter>Source files\STM32_USB_Device_Library\Class\CDC\Src</Filter>
    </ClCompile>
    <ClCompile Include="STM32_USB_Device_Library\Core\Src\usbd_core.c">
      <Filter>Source files\STM32_USB_Device_Library\Core\Src</Filter>
    </ClCompile>
    <ClCompile Include="STM32_USB_Device_Library\Core\Src\usbd_ctlreq.c">
      <Filter>Source files\STM32_USB_Device_Library\Core\Src</Filter>
    </ClCompile>
    <ClCompile Include="STM32_USB_Device_Library\Core\Src\usbd_ioreq.c">
      <Filter>Source files\STM32_USB_Device_Library\Core\Src</Filter>
    </ClCompile>
    <ClCompile Include="CMSIS\Device\ST\STM32F4xx\Source\startup_stm32f407xx.c">
      <Filter>Source files\CMSIS\Device\ST\STM32F4xx\Source</Filter>
    </ClCompile>
    <ClCompile Include="BSP\STM32F4-Discovery\stm32f4_discovery.c">
      <Filter>Source files\STM32F4-Discovery</Filter>
    </ClCompile>
    <ClCompile Include="BSP\STM32F4-Discovery\stm32f4_discovery_accelerometer.c">
      <Filter>Source files\STM32F4-Discovery</Filter>
    </ClCompile>
    <ClCompile Include="BSP\STM32F4-Discovery\stm32f4_discovery_audio.c">
      <Filter>Source files\STM32F4-Discovery</Filter>
    </ClCompile>
    <ClCompile Include="BSP\STM32F4-Discovery\lis302dl.c">
      <Filter>Source files\STM32F4-Discovery</Filter>
    </ClCompile>
    <ClCompile Include="BSP\STM32F4-Discovery\cs43l22.c">
      <Filter>Source files\STM32F4-Discovery</Filter>
    </ClCompile>
    <ClCompile Include="BSP\STM32F4-Discovery\lis3dsh.c">
      <Filter>Source files</Filter>
    </ClCompile>
    <ClCompile Include="wifi.c">
      <Filter>Source files\API</Filter>
    </ClCompile>
    <ClCompile Include="API\serial.c">
      <Filter>Source files\API</Filter>
    </ClCompile>
    <ClCompile Include="API\crypto.c">
      <Filter>Source files</Filter>
    </ClCompile>
  </ItemGroup>
  <ItemGroup>
    <ClInclude Include="API\movement.h">
      <Filter>Header files\API</Filter>
    </ClInclude>
    <ClInclude Include="Audio\codec.h">
      <Filter>Header files\Audio</Filter>
    </ClInclude>
    <ClInclude Include="CMSIS\Device\ST\STM32F4xx\Include\stm32f407xx.h">
      <Filter>Header files\CMSIS\Device\ST\STM32F4xx\Include</Filter>
    </ClInclude>
    <ClInclude Include="CMSIS\Device\ST\STM32F4xx\Include\stm32f4xx.h">
      <Filter>Header files\CMSIS\Device\ST\STM32F4xx\Include</Filter>
    </ClInclude>
    <ClInclude Include="CMSIS\Device\ST\STM32F4xx\Include\system_stm32f4xx.h">
      <Filter>Header files\CMSIS\Device\ST\STM32F4xx\Include</Filter>
    </ClInclude>
    <ClInclude Include="CMSIS\Include\arm_common_tables.h">
      <Filter>Header files\CMSIS\Include</Filter>
    </ClInclude>
    <ClInclude Include="CMSIS\Include\arm_const_structs.h">
      <Filter>Header files\CMSIS\Include</Filter>
    </ClInclude>
    <ClInclude Include="CMSIS\Include\arm_math.h">
      <Filter>Header files\CMSIS\Include</Filter>
    </ClInclude>
    <ClInclude Include="CMSIS\Include\core_cm0.h">
      <Filter>Header files\CMSIS\Include</Filter>
    </ClInclude>
    <ClInclude Include="CMSIS\Include\core_cm0plus.h">
      <Filter>Header files\CMSIS\Include</Filter>
    </ClInclude>
    <ClInclude Include="CMSIS\Include\core_cm3.h">
      <Filter>Header files\CMSIS\Include</Filter>
    </ClInclude>
    <ClInclude Include="CMSIS\Include\core_cm4.h">
      <Filter>Header files\CMSIS\Include</Filter>
    </ClInclude>
    <ClInclude Include="CMSIS\Include\core_cm7.h">
      <Filter>Header files\CMSIS\Include</Filter>
    </ClInclude>
    <ClInclude Include="CMSIS\Include\core_cmFunc.h">
      <Filter>Header files\CMSIS\Include</Filter>
    </ClInclude>
    <ClInclude Include="CMSIS\Include\core_cmInstr.h">
      <Filter>Header files\CMSIS\Include</Filter>
    </ClInclude>
    <ClInclude Include="CMSIS\Include\core_cmSimd.h">
      <Filter>Header files\CMSIS\Include</Filter>
    </ClInclude>
    <ClInclude Include="CMSIS\Include\core_sc000.h">
      <Filter>Header files\CMSIS\Include</Filter>
    </ClInclude>
    <ClInclude Include="CMSIS\Include\core_sc300.h">
      <Filter>Header files\CMSIS\Include</Filter>
    </ClInclude>
    <ClInclude Include="Config\config_gpio.h">
      <Filter>Header files\Config</Filter>
    </ClInclude>
    <ClInclude Include="Config\config_i2c.h">
      <Filter>Header files\Config</Filter>
    </ClInclude>
    <ClInclude Include="Config\config_i2s.h">
      <Filter>Header files\Config</Filter>
    </ClInclude>
    <ClInclude Include="Config\config_system.h">
      <Filter>Header files\Config</Filter>
    </ClInclude>
    <ClInclude Include="Config\config_timer.h">
      <Filter>Header files\Config</Filter>
    </ClInclude>
    <ClInclude Include="Config\config_usb.h">
      <Filter>Header files\Config</Filter>
    </ClInclude>
    <ClInclude Include="STM32F4xx_HAL_Driver\Inc\stm32f4xx_hal.h">
      <Filter>Header files\STM32F4xx_HAL_Driver\Inc</Filter>
    </ClInclude>
    <ClInclude Include="STM32F4xx_HAL_Driver\Inc\stm32f4xx_hal_adc.h">
      <Filter>Header files\STM32F4xx_HAL_Driver\Inc</Filter>
    </ClInclude>
    <ClInclude Include="STM32F4xx_HAL_Driver\Inc\stm32f4xx_hal_adc_ex.h">
      <Filter>Header files\STM32F4xx_HAL_Driver\Inc</Filter>
    </ClInclude>
    <ClInclude Include="STM32F4xx_HAL_Driver\Inc\stm32f4xx_hal_can.h">
      <Filter>Header files\STM32F4xx_HAL_Driver\Inc</Filter>
    </ClInclude>
    <ClInclude Include="STM32F4xx_HAL_Driver\Inc\stm32f4xx_hal_cec.h">
      <Filter>Header files\STM32F4xx_HAL_Driver\Inc</Filter>
    </ClInclude>
    <ClInclude Include="STM32F4xx_HAL_Driver\Inc\stm32f4xx_hal_conf.h">
      <Filter>Header files\STM32F4xx_HAL_Driver\Inc</Filter>
    </ClInclude>
    <ClInclude Include="STM32F4xx_HAL_Driver\Inc\stm32f4xx_hal_cortex.h">
      <Filter>Header files\STM32F4xx_HAL_Driver\Inc</Filter>
    </ClInclude>
    <ClInclude Include="STM32F4xx_HAL_Driver\Inc\stm32f4xx_hal_crc.h">
      <Filter>Header files\STM32F4xx_HAL_Driver\Inc</Filter>
    </ClInclude>
    <ClInclude Include="STM32F4xx_HAL_Driver\Inc\stm32f4xx_hal_cryp.h">
      <Filter>Header files\STM32F4xx_HAL_Driver\Inc</Filter>
    </ClInclude>
    <ClInclude Include="STM32F4xx_HAL_Driver\Inc\stm32f4xx_hal_cryp_ex.h">
      <Filter>Header files\STM32F4xx_HAL_Driver\Inc</Filter>
    </ClInclude>
    <ClInclude Include="STM32F4xx_HAL_Driver\Inc\stm32f4xx_hal_dac.h">
      <Filter>Header files\STM32F4xx_HAL_Driver\Inc</Filter>
    </ClInclude>
    <ClInclude Include="STM32F4xx_HAL_Driver\Inc\stm32f4xx_hal_dac_ex.h">
      <Filter>Header files\STM32F4xx_HAL_Driver\Inc</Filter>
    </ClInclude>
    <ClInclude Include="STM32F4xx_HAL_Driver\Inc\stm32f4xx_hal_dcmi.h">
      <Filter>Header files\STM32F4xx_HAL_Driver\Inc</Filter>
    </ClInclude>
    <ClInclude Include="STM32F4xx_HAL_Driver\Inc\stm32f4xx_hal_dcmi_ex.h">
      <Filter>Header files\STM32F4xx_HAL_Driver\Inc</Filter>
    </ClInclude>
    <ClInclude Include="STM32F4xx_HAL_Driver\Inc\stm32f4xx_hal_def.h">
      <Filter>Header files\STM32F4xx_HAL_Driver\Inc</Filter>
    </ClInclude>
    <ClInclude Include="STM32F4xx_HAL_Driver\Inc\stm32f4xx_hal_dma.h">
      <Filter>Header files\STM32F4xx_HAL_Driver\Inc</Filter>
    </ClInclude>
    <ClInclude Include="STM32F4xx_HAL_Driver\Inc\stm32f4xx_hal_dma2d.h">
      <Filter>Header files\STM32F4xx_HAL_Driver\Inc</Filter>
    </ClInclude>
    <ClInclude Include="STM32F4xx_HAL_Driver\Inc\stm32f4xx_hal_dma_ex.h">
      <Filter>Header files\STM32F4xx_HAL_Driver\Inc</Filter>
    </ClInclude>
    <ClInclude Include="STM32F4xx_HAL_Driver\Inc\stm32f4xx_hal_dsi.h">
      <Filter>Header files\STM32F4xx_HAL_Driver\Inc</Filter>
    </ClInclude>
    <ClInclude Include="STM32F4xx_HAL_Driver\Inc\stm32f4xx_hal_eth.h">
      <Filter>Header files\STM32F4xx_HAL_Driver\Inc</Filter>
    </ClInclude>
    <ClInclude Include="STM32F4xx_HAL_Driver\Inc\stm32f4xx_hal_flash.h">
      <Filter>Header files\STM32F4xx_HAL_Driver\Inc</Filter>
    </ClInclude>
    <ClInclude Include="STM32F4xx_HAL_Driver\Inc\stm32f4xx_hal_flash_ex.h">
      <Filter>Header files\STM32F4xx_HAL_Driver\Inc</Filter>
    </ClInclude>
    <ClInclude Include="STM32F4xx_HAL_Driver\Inc\stm32f4xx_hal_flash_ramfunc.h">
      <Filter>Header files\STM32F4xx_HAL_Driver\Inc</Filter>
    </ClInclude>
    <ClInclude Include="STM32F4xx_HAL_Driver\Inc\stm32f4xx_hal_fmpi2c.h">
      <Filter>Header files\STM32F4xx_HAL_Driver\Inc</Filter>
    </ClInclude>
    <ClInclude Include="STM32F4xx_HAL_Driver\Inc\stm32f4xx_hal_fmpi2c_ex.h">
      <Filter>Header files\STM32F4xx_HAL_Driver\Inc</Filter>
    </ClInclude>
    <ClInclude Include="STM32F4xx_HAL_Driver\Inc\stm32f4xx_hal_gpio.h">
      <Filter>Header files\STM32F4xx_HAL_Driver\Inc</Filter>
    </ClInclude>
    <ClInclude Include="STM32F4xx_HAL_Driver\Inc\stm32f4xx_hal_gpio_ex.h">
      <Filter>Header files\STM32F4xx_HAL_Driver\Inc</Filter>
    </ClInclude>
    <ClInclude Include="STM32F4xx_HAL_Driver\Inc\stm32f4xx_hal_hash.h">
      <Filter>Header files\STM32F4xx_HAL_Driver\Inc</Filter>
    </ClInclude>
    <ClInclude Include="STM32F4xx_HAL_Driver\Inc\stm32f4xx_hal_hash_ex.h">
      <Filter>Header files\STM32F4xx_HAL_Driver\Inc</Filter>
    </ClInclude>
    <ClInclude Include="STM32F4xx_HAL_Driver\Inc\stm32f4xx_hal_hcd.h">
      <Filter>Header files\STM32F4xx_HAL_Driver\Inc</Filter>
    </ClInclude>
    <ClInclude Include="STM32F4xx_HAL_Driver\Inc\stm32f4xx_hal_i2c.h">
      <Filter>Header files\STM32F4xx_HAL_Driver\Inc</Filter>
    </ClInclude>
    <ClInclude Include="STM32F4xx_HAL_Driver\Inc\stm32f4xx_hal_i2c_ex.h">
      <Filter>Header files\STM32F4xx_HAL_Driver\Inc</Filter>
    </ClInclude>
    <ClInclude Include="STM32F4xx_HAL_Driver\Inc\stm32f4xx_hal_i2s.h">
      <Filter>Header files\STM32F4xx_HAL_Driver\Inc</Filter>
    </ClInclude>
    <ClInclude Include="STM32F4xx_HAL_Driver\Inc\stm32f4xx_hal_i2s_ex.h">
      <Filter>Header files\STM32F4xx_HAL_Driver\Inc</Filter>
    </ClInclude>
    <ClInclude Include="STM32F4xx_HAL_Driver\Inc\stm32f4xx_hal_irda.h">
      <Filter>Header files\STM32F4xx_HAL_Driver\Inc</Filter>
    </ClInclude>
    <ClInclude Include="STM32F4xx_HAL_Driver\Inc\stm32f4xx_hal_iwdg.h">
      <Filter>Header files\STM32F4xx_HAL_Driver\Inc</Filter>
    </ClInclude>
    <ClInclude Include="STM32F4xx_HAL_Driver\Inc\stm32f4xx_hal_lptim.h">
      <Filter>Header files\STM32F4xx_HAL_Driver\Inc</Filter>
    </ClInclude>
    <ClInclude Include="STM32F4xx_HAL_Driver\Inc\stm32f4xx_hal_ltdc.h">
      <Filter>Header files\STM32F4xx_HAL_Driver\Inc</Filter>
    </ClInclude>
    <ClInclude Include="STM32F4xx_HAL_Driver\Inc\stm32f4xx_hal_ltdc_ex.h">
      <Filter>Header files\STM32F4xx_HAL_Driver\Inc</Filter>
    </ClInclude>
    <ClInclude Include="STM32F4xx_HAL_Driver\Inc\stm32f4xx_hal_nand.h">
      <Filter>Header files\STM32F4xx_HAL_Driver\Inc</Filter>
    </ClInclude>
    <ClInclude Include="STM32F4xx_HAL_Driver\Inc\stm32f4xx_hal_nor.h">
      <Filter>Header files\STM32F4xx_HAL_Driver\Inc</Filter>
    </ClInclude>
    <ClInclude Include="STM32F4xx_HAL_Driver\Inc\stm32f4xx_hal_pccard.h">
      <Filter>Header files\STM32F4xx_HAL_Driver\Inc</Filter>
    </ClInclude>
    <ClInclude Include="STM32F4xx_HAL_Driver\Inc\stm32f4xx_hal_pcd.h">
      <Filter>Header files\STM32F4xx_HAL_Driver\Inc</Filter>
    </ClInclude>
    <ClInclude Include="STM32F4xx_HAL_Driver\Inc\stm32f4xx_hal_pcd_ex.h">
      <Filter>Header files\STM32F4xx_HAL_Driver\Inc</Filter>
    </ClInclude>
    <ClInclude Include="STM32F4xx_HAL_Driver\Inc\stm32f4xx_hal_pwr.h">
      <Filter>Header files\STM32F4xx_HAL_Driver\Inc</Filter>
    </ClInclude>
    <ClInclude Include="STM32F4xx_HAL_Driver\Inc\stm32f4xx_hal_pwr_ex.h">
      <Filter>Header files\STM32F4xx_HAL_Driver\Inc</Filter>
    </ClInclude>
    <ClInclude Include="STM32F4xx_HAL_Driver\Inc\stm32f4xx_hal_qspi.h">
      <Filter>Header files\STM32F4xx_HAL_Driver\Inc</Filter>
    </ClInclude>
    <ClInclude Include="STM32F4xx_HAL_Driver\Inc\stm32f4xx_hal_rcc.h">
      <Filter>Header files\STM32F4xx_HAL_Driver\Inc</Filter>
    </ClInclude>
    <ClInclude Include="STM32F4xx_HAL_Driver\Inc\stm32f4xx_hal_rcc_ex.h">
      <Filter>Header files\STM32F4xx_HAL_Driver\Inc</Filter>
    </ClInclude>
    <ClInclude Include="STM32F4xx_HAL_Driver\Inc\stm32f4xx_hal_rng.h">
      <Filter>Header files\STM32F4xx_HAL_Driver\Inc</Filter>
    </ClInclude>
    <ClInclude Include="STM32F4xx_HAL_Driver\Inc\stm32f4xx_hal_rtc.h">
      <Filter>Header files\STM32F4xx_HAL_Driver\Inc</Filter>
    </ClInclude>
    <ClInclude Include="STM32F4xx_HAL_Driver\Inc\stm32f4xx_hal_rtc_ex.h">
      <Filter>Header files\STM32F4xx_HAL_Driver\Inc</Filter>
    </ClInclude>
    <ClInclude Include="STM32F4xx_HAL_Driver\Inc\stm32f4xx_hal_sai.h">
      <Filter>Header files\STM32F4xx_HAL_Driver\Inc</Filter>
    </ClInclude>
    <ClInclude Include="STM32F4xx_HAL_Driver\Inc\stm32f4xx_hal_sai_ex.h">
      <Filter>Header files\STM32F4xx_HAL_Driver\Inc</Filter>
    </ClInclude>
    <ClInclude Include="STM32F4xx_HAL_Driver\Inc\stm32f4xx_hal_sd.h">
      <Filter>Header files\STM32F4xx_HAL_Driver\Inc</Filter>
    </ClInclude>
    <ClInclude Include="STM32F4xx_HAL_Driver\Inc\stm32f4xx_hal_sdram.h">
      <Filter>Header files\STM32F4xx_HAL_Driver\Inc</Filter>
    </ClInclude>
    <ClInclude Include="STM32F4xx_HAL_Driver\Inc\stm32f4xx_hal_smartcard.h">
      <Filter>Header files\STM32F4xx_HAL_Driver\Inc</Filter>
    </ClInclude>
    <ClInclude Include="STM32F4xx_HAL_Driver\Inc\stm32f4xx_hal_spdifrx.h">
      <Filter>Header files\STM32F4xx_HAL_Driver\Inc</Filter>
    </ClInclude>
    <ClInclude Include="STM32F4xx_HAL_Driver\Inc\stm32f4xx_hal_spi.h">
      <Filter>Header files\STM32F4xx_HAL_Driver\Inc</Filter>
    </ClInclude>
    <ClInclude Include="STM32F4xx_HAL_Driver\Inc\stm32f4xx_hal_sram.h">
      <Filter>Header files\STM32F4xx_HAL_Driver\Inc</Filter>
    </ClInclude>
    <ClInclude Include="STM32F4xx_HAL_Driver\Inc\stm32f4xx_hal_tim.h">
      <Filter>Header files\STM32F4xx_HAL_Driver\Inc</Filter>
    </ClInclude>
    <ClInclude Include="STM32F4xx_HAL_Driver\Inc\stm32f4xx_hal_tim_ex.h">
      <Filter>Header files\STM32F4xx_HAL_Driver\Inc</Filter>
    </ClInclude>
    <ClInclude Include="STM32F4xx_HAL_Driver\Inc\stm32f4xx_hal_uart.h">
      <Filter>Header files\STM32F4xx_HAL_Driver\Inc</Filter>
    </ClInclude>
    <ClInclude Include="STM32F4xx_HAL_Driver\Inc\stm32f4xx_hal_usart.h">
      <Filter>Header files\STM32F4xx_HAL_Driver\Inc</Filter>
    </ClInclude>
    <ClInclude Include="STM32F4xx_HAL_Driver\Inc\stm32f4xx_hal_wwdg.h">
      <Filter>Header files\STM32F4xx_HAL_Driver\Inc</Filter>
    </ClInclude>
    <ClInclude Include="STM32F4xx_HAL_Driver\Inc\stm32f4xx_ll_fmc.h">
      <Filter>Header files\STM32F4xx_HAL_Driver\Inc</Filter>
    </ClInclude>
    <ClInclude Include="STM32F4xx_HAL_Driver\Inc\stm32f4xx_ll_fsmc.h">
      <Filter>Header files\STM32F4xx_HAL_Driver\Inc</Filter>
    </ClInclude>
    <ClInclude Include="STM32F4xx_HAL_Driver\Inc\stm32f4xx_ll_sdmmc.h">
      <Filter>Header files\STM32F4xx_HAL_Driver\Inc</Filter>
    </ClInclude>
    <ClInclude Include="STM32F4xx_HAL_Driver\Inc\stm32f4xx_ll_usb.h">
      <Filter>Header files\STM32F4xx_HAL_Driver\Inc</Filter>
    </ClInclude>
    <ClInclude Include="STM32F4xx_HAL_Driver\Inc\Legacy\stm32_hal_legacy.h">
      <Filter>Header files\STM32F4xx_HAL_Driver\Inc\Legacy</Filter>
    </ClInclude>
    <ClInclude Include="USBD\usbd_cdc_if.h">
      <Filter>Header files\USBD</Filter>
    </ClInclude>
    <ClInclude Include="USBD\usbd_conf.h">
      <Filter>Header files\USBD</Filter>
    </ClInclude>
    <ClInclude Include="USBD\usbd_desc.h">
      <Filter>Header files\USBD</Filter>
    </ClInclude>
    <ClInclude Include="STM32_USB_Device_Library\Class\CDC\Inc\usbd_cdc.h">
      <Filter>Header files\STM32_USB_Device_Library\Class\CDC\Inc</Filter>
    </ClInclude>
    <ClInclude Include="STM32_USB_Device_Library\Core\Inc\usbd_core.h">
      <Filter>Header files\STM32_USB_Device_Library\Core\Inc</Filter>
    </ClInclude>
    <ClInclude Include="STM32_USB_Device_Library\Core\Inc\usbd_ctlreq.h">
      <Filter>Header files\STM32_USB_Device_Library\Core\Inc</Filter>
    </ClInclude>
    <ClInclude Include="STM32_USB_Device_Library\Core\Inc\usbd_def.h">
      <Filter>Header files\STM32_USB_Device_Library\Core\Inc</Filter>
    </ClInclude>
    <ClInclude Include="STM32_USB_Device_Library\Core\Inc\usbd_ioreq.h">
      <Filter>Header files\STM32_USB_Device_Library\Core\Inc</Filter>
    </ClInclude>
    <ClInclude Include="BSP\STM32F4-Discovery\stm32f4_discovery.h">
      <Filter>Header files\STM32F4-Discovery</Filter>
    </ClInclude>
    <ClInclude Include="BSP\STM32F4-Discovery\stm32f4_discovery_accelerometer.h">
      <Filter>Header files\STM32F4-Discovery</Filter>
    </ClInclude>
    <ClInclude Include="BSP\STM32F4-Discovery\stm32f4_discovery_audio.h">
      <Filter>Header files\STM32F4-Discovery</Filter>
    </ClInclude>
    <ClInclude Include="BSP\STM32F4-Discovery\cs43l22.h">
      <Filter>Header files\STM32F4-Discovery</Filter>
    </ClInclude>
    <ClInclude Include="BSP\STM32F4-Discovery\lis302dl.h">
      <Filter>Header files\STM32F4-Discovery</Filter>
    </ClInclude>
    <ClInclude Include="BSP\STM32F4-Discovery\audio.h">
      <Filter>Header files\STM32F4-Discovery</Filter>
    </ClInclude>
    <ClInclude Include="BSP\STM32F4-Discovery\pdm_filter.h">
      <Filter>Header files\STM32F4-Discovery</Filter>
    </ClInclude>
    <ClInclude Include="BSP\STM32F4-Discovery\accelero.h">
      <Filter>Header files\STM32F4-Discovery</Filter>
    </ClInclude>
    <ClInclude Include="BSP\STM32F4-Discovery\lis3dsh.h">
      <Filter>Header files\STM32F4-Discovery</Filter>
    </ClInclude>
    <ClInclude Include="API\serial.h">
      <Filter>Header files\API</Filter>
    </ClInclude>
    <ClInclude Include="API\crypto.h">
      <Filter>Header files\API</Filter>
    </ClInclude>
    <ClInclude Include="HomeRobot.h">
      <Filter>Header files</Filter>
    </ClInclude>
  </ItemGroup>
  <ItemGroup>
    <None Include="Makefile" />
    <None Include="debug.mak">
      <Filter>Make files</Filter>
    </None>
    <None Include="release.mak">
      <Filter>Make files</Filter>
    </None>
    <None Include="stm32.mak">
      <Filter>Source files\Device-specific files</Filter>
    </None>
  </ItemGroup>
  <ItemGroup>
    <Library Include="BSP\STM32F4-Discovery\libPDMFilter_CM4F_GCC.a" />
  </ItemGroup>
</Project>